<Project xmlns="http://schemas.microsoft.com/developer/msbuild/2003">
    <PropertyGroup>
        <ProjectGuid>{271BA9DA-96FC-49D9-9886-58ADDEDFC266}</ProjectGuid>
        <ProjectVersion>18.7</ProjectVersion>
        <FrameworkType>VCL</FrameworkType>
        <MainSource>Ss_Comanda.dpr</MainSource>
        <Base>True</Base>
        <Config Condition="'$(Config)'==''">Debug</Config>
        <Platform Condition="'$(Platform)'==''">Win32</Platform>
        <TargetedPlatforms>1</TargetedPlatforms>
        <AppType>Application</AppType>
    </PropertyGroup>
    <PropertyGroup Condition="'$(Config)'=='Base' or '$(Base)'!=''">
        <Base>true</Base>
    </PropertyGroup>
    <PropertyGroup Condition="('$(Platform)'=='Win32' and '$(Base)'=='true') or '$(Base_Win32)'!=''">
        <Base_Win32>true</Base_Win32>
        <CfgParent>Base</CfgParent>
        <Base>true</Base>
    </PropertyGroup>
    <PropertyGroup Condition="('$(Platform)'=='Win64' and '$(Base)'=='true') or '$(Base_Win64)'!=''">
        <Base_Win64>true</Base_Win64>
        <CfgParent>Base</CfgParent>
        <Base>true</Base>
    </PropertyGroup>
    <PropertyGroup Condition="'$(Config)'=='Debug' or '$(Cfg_1)'!=''">
        <Cfg_1>true</Cfg_1>
        <CfgParent>Base</CfgParent>
        <Base>true</Base>
    </PropertyGroup>
    <PropertyGroup Condition="('$(Platform)'=='Win32' and '$(Cfg_1)'=='true') or '$(Cfg_1_Win32)'!=''">
        <Cfg_1_Win32>true</Cfg_1_Win32>
        <CfgParent>Cfg_1</CfgParent>
        <Cfg_1>true</Cfg_1>
        <Base>true</Base>
    </PropertyGroup>
    <PropertyGroup Condition="'$(Config)'=='Release' or '$(Cfg_2)'!=''">
        <Cfg_2>true</Cfg_2>
        <CfgParent>Base</CfgParent>
        <Base>true</Base>
    </PropertyGroup>
    <PropertyGroup Condition="('$(Platform)'=='Win32' and '$(Cfg_2)'=='true') or '$(Cfg_2_Win32)'!=''">
        <Cfg_2_Win32>true</Cfg_2_Win32>
        <CfgParent>Cfg_2</CfgParent>
        <Cfg_2>true</Cfg_2>
        <Base>true</Base>
    </PropertyGroup>
    <PropertyGroup Condition="'$(Base)'!=''">
        <DCC_DcuOutput>.\$(Platform)\$(Config)</DCC_DcuOutput>
        <DCC_ExeOutput>C:\GCSISTEM\Mobile\</DCC_ExeOutput>
        <DCC_E>false</DCC_E>
        <DCC_N>false</DCC_N>
        <DCC_S>false</DCC_S>
        <DCC_F>false</DCC_F>
        <DCC_K>false</DCC_K>
        <DCC_UsePackage>RESTBackendComponents;CloudService;soaprtl;soapmidas;RESTComponents;emsclientfiredac;DataSnapFireDAC;FireDACIBDriver;emsclient;FireDACCommon;soapserver;FireDACCommonDriver;inet;FireDAC;FireDACSqliteDriver;$(DCC_UsePackage)</DCC_UsePackage>
        <DCC_Namespace>System;Xml;Data;Datasnap;Web;Soap;Vcl;Vcl.Imaging;Vcl.Touch;Vcl.Samples;Vcl.Shell;$(DCC_Namespace)</DCC_Namespace>
        <Icon_MainIcon>$(BDS)\bin\delphi_PROJECTICON.ico</Icon_MainIcon>
        <Icns_MainIcns>$(BDS)\bin\delphi_PROJECTICNS.icns</Icns_MainIcns>
        <SanitizedProjectName>Ss_Comanda</SanitizedProjectName>
        <VerInfo_Locale>1046</VerInfo_Locale>
        <VerInfo_Keys>CompanyName=GCSistemas;FileDescription=$(MSBuildProjectName);FileVersion=2.1.0.0;InternalName=;LegalCopyright=;LegalTrademarks=;OriginalFilename=;ProgramID=com.embarcadero.$(MSBuildProjectName);ProductName=$(MSBuildProjectName);ProductVersion=1.0.0.0;Comments=</VerInfo_Keys>
    </PropertyGroup>
    <PropertyGroup Condition="'$(Base_Win32)'!=''">
        <DCC_UsePackage>DBXSqliteDriver;fmxase;dxSpreadSheetCoreDialogsRS25;DBXDb2Driver;dxRibbonCustomizationFormRS25;dxPSPrVwRibbonRS25;vclactnband;AlphaDBDX10Tokyo;vclFireDAC;EXLReportRT;cxExportRS25;dxSpreadSheetInplaceRichEditRS25;dxHttpIndyRequestRS25;tethering;uniGUI25Chart;dxPScxCommonRS25;FireDACADSDriver;cxPivotGridOLAPRS25;ACBr_BPeDabpeESCPOS;JvPluginSystem;ACBr_BPe;FireDACMSSQLDriver;cxSchedulerGridRS25;vcltouch;JvBands;ACBr_NFe;vcldb;Intraweb;svn;JvJans;ACBr_NFeDanfeFR;ACBr_NFeDanfeESCPOS;dxGaugeControlRS25;cxLibraryRS25;JvDotNetCtrls;dxFlowChartAdvancedCustomizeFormRS25;FireDACDBXDriver;QImport3RT;RESTDWDriverFD;vclx;dxSpreadSheetConditionalFormattingDialogsRS25;dxTileControlRS25;dxMapControlRS25;dxPDFViewerRS25;dxDockingRS25;ACBr_Reinf;VCLRESTComponents;dxPSLnksRS25;dxWizardControlRS25;dxRichEditControlRS25;vclie;fs25;bindengine;dxFireDACServerModeRS25;JvHMI;FireDACMySQLDriver;vquery250;ACBr_PAF;ACBr_SATECFVirtual;pckUCDataConnector;uniGUI25Core;DataSnapClient;dxPSdxPDFViewerLnkRS25;bindcompdbx;ACBr_TCP;dxPSdxLCLnkRS25;DBXSybaseASEDriver;IndyIPServer;ACBr_CTe;dac250;IndySystem;dsnapcon;ACBr_synapse;ACBre_Social;uIndy25;dxPSRichEditControlLnkRS25;FireDACMSAccDriver;fmxFireDAC;FireDACInfxDriver;vclimg;ACBr_SPEDImportar;Jcl;dxdbtrRS25;dxPScxTLLnkRS25;ACBr_SPED;ACBr_MDFe;emshosting;dxSpreadSheetRS25;ACBr_LFD;GradeCT;DBXOdbcDriver;FireDACTDataDriver;FMXTee;ipstudiowinclient;frxFD25;DbxCommonDriver;comparer_102;cxGridRS25;JvManagedThreads;dxCloudServiceLibraryRS25;dxorgcRS25;dxSpreadSheetCoreConditionalFormattingDialogsRS25;xmlrtl;DataSnapNativeClient;fmxobj;JvTimeFramework;unidacfmx250;rtl;frx25;DbxClientDriver;dacvcl250;DBXSybaseASADriver;dxPSCoreRS25;dxPScxGridLnkRS25;dxPScxSchedulerLnkRS25;dxmdsRS25;JvSystem;JvStdCtrls;SampleListViewMultiDetailAppearancePackage;DCEF_DX10;fsDB25;ipstudiowin;appanalytics;ACBr_Convenio115;PackAM;IndyIPClient;bindcompvcl;dxADOEMFRS25;TeeUI;JvDocking;JvPascalInterpreter;VclSmp;FireDACODBCDriver;JclVcl;DataSnapIndy10ServerTransport;ACBr_Boleto;TMSEXDXE10_2;DataSnapProviderClient;ACBr_SEF2;FireDACMongoDBDriver;cxVerticalGridRS25;dxtrmdRS25;JvControls;EhLibDBXDataDrivers250;JvPrintPreview;EhLib250;ACBr_NFSe;dxADOServerModeRS25;DataSnapServerMidas;dxCoreRS25;pckFireDacConn;dxRichEditControlCoreRS25;DBXInterBaseDriver;cxSchedulerTreeBrowserRS25;ACBr_TEFD;ACBr_SATWS;svnui;JvGlobus;dxPSTeeChartRS25;frxe25;DBXMSSQLDriver;JvMM;dxPSdxFCLnkRS25;dxRichEditCoreRS25;DatasnapConnectorsFreePascal;ACBrDFeReportRL;DWhtmlEditor;bindcompfmx;JvNet;DBXOracleDriver;ipstudiowinwordxp;unidac250;inetdb;JvAppFrm;CEF4Delphi;ACBr_Diversos;ACBr_TXTComum;FmxTeeUI;emsedge;fmx;fmxdae;TMSXLSDXE10_2;frxDB25;dxTabbedMDIRS25;dxBarDBNavRS25;dxPScxPivotGridLnkRS25;JvWizards;frxTee25;ACBr_Ponto;dbexpress;IndyCore;dxFlowChartRS25;TMSDXE10_2;dxRichEditDocumentModelRS25;JvPageComps;dsnap;DataSnapCommon;fsTee25;dxBarRS25;JvDB;ACBr_PCNComum;uniTools25;dxPSDBTeeChartRS25;dxdborRS25;DataSnapConnectors;uniGUI25m;ACBR_DeSTDA;dxPScxExtCommonRS25;acntDX10Tokyo_R;ACBr_SAT;cxPivotGridRS25;JclDeveloperTools;dxSpreadSheetReportDesignerRS25;dxNavBarRS25;QRWRunDXE10_2_w64;dxPSdxSpreadSheetLnkRS25;TMSWEBCorePkgDXE11;cxSchedulerRibbonStyleEventEditorRS25;FireDACOracleDriver;DBXMySQLDriver;JvCmp;QExport4RT_D25;AZButtonEdit;DBXFirebirdDriver;ACBr_Sintegra;FireDACCommonODBC;VCLRibbonDelphiTokyo;ACBr_GNRE;cxTreeListRS25;IndyIPCommon;JvCustom;vcl;ACBr_NFeDanfeRL;dxPScxVGridLnkRS25;JvXPCtrls;ACBr_SATExtratoESCPOS;dxBarExtItemsRS25;dxComnRS25;FireDACDb2Driver;TMSWEBCorePkgLibDXE11;dxSkinsCoreRS25;dxPSdxDBTVLnkRS25;EditDialog;EhLibADODataDrivers250;TeeDB;dxSpreadSheetCoreRS25;dxServerModeRS25;JvCore;dxPScxPCProdRS25;ACBr_Comum;dxFlowChartLayoutsRS25;JvCrypt;FireDACPgDriver;FireDACASADriver;dxEMFRS25;JvDlgs;JvRuntimeDesign;Tee;DataSnapServer;dxPsPrVwAdvRS25;vclwinx;FireDACDSDriver;ACBr_OpenSSL;dxRichEditInplaceRS25;cxTreeListdxBarPopupMenuRS25;ACBr_DFeComum;CustomIPTransport;vcldsnap;cxSchedulerWebServiceStorageRS25;dxPSdxOCLnkRS25;bindcomp;ACBr_Serial;DBXInformixDriver;officeXPrt;crcontrols250;cxPivotGridChartRS25;EurekaLogCore;dxBarExtDBItemsRS25;cxSchedulerRS25;frce;dxDBXServerModeRS25;dxFireDACEMFRS25;dxGDIPlusRS25;dxPSdxGaugeControlLnkRS25;ACBr_BlocoX;bsfd102Tokyo;dbxcds;KernowSoftwareFMX;unidacvcl250;adortl;ACBr_NFCeECFVirtual;dacfmx250;uniGUI25VCL;ACBr_ANe;dxRibbonRS25;dxPSdxDBOCLnkRS25;dsnapxml;dxSpellCheckerRS25;dbrtl;inetdbxpress;IndyProtocols;TMSWIZDXE10_2;dxFlowChartDesignerRS25;JclContainers;ACBr_MTER;uSynEdit_R2021;dxPSdxMapControlLnkRS25;RestDatawareCORE;$(DCC_UsePackage)</DCC_UsePackage>
        <DCC_Namespace>Winapi;System.Win;Data.Win;Datasnap.Win;Web.Win;Soap.Win;Xml.Win;Bde;$(DCC_Namespace)</DCC_Namespace>
        <BT_BuildType>Debug</BT_BuildType>
        <VerInfo_IncludeVerInfo>true</VerInfo_IncludeVerInfo>
        <VerInfo_Keys>CompanyName=SSComanda;FileDescription=$(MSBuildProjectName);FileVersion=0.6.12.21;InternalName=;LegalCopyright=;LegalTrademarks=;OriginalFilename=;ProgramID=com.embarcadero.$(MSBuildProjectName);ProductName=$(MSBuildProjectName);ProductVersion=1.0.0.0;Comments=</VerInfo_Keys>
        <VerInfo_Locale>1033</VerInfo_Locale>
        <Manifest_File>$(BDS)\bin\default_app.manifest</Manifest_File>
        <VerInfo_MajorVer>0</VerInfo_MajorVer>
        <VerInfo_MinorVer>6</VerInfo_MinorVer>
        <VerInfo_Release>12</VerInfo_Release>
        <VerInfo_Build>21</VerInfo_Build>
        <Icon_MainIcon>Ss_Comanda_Icon.ico</Icon_MainIcon>
        <UWP_DelphiLogo44>C:\Users\tokyo\Pictures\logo_ico.png</UWP_DelphiLogo44>
        <UWP_DelphiLogo150>C:\Users\tokyo\Pictures\logo_ico.png</UWP_DelphiLogo150>
    </PropertyGroup>
    <PropertyGroup Condition="'$(Base_Win64)'!=''">
        <DCC_UsePackage>DBXSqliteDriver;fmxase;dxSpreadSheetCoreDialogsRS25;DBXDb2Driver;dxRibbonCustomizationFormRS25;dxPSPrVwRibbonRS25;vclactnband;vclFireDAC;EXLReportRT;cxExportRS25;dxSpreadSheetInplaceRichEditRS25;dxHttpIndyRequestRS25;tethering;uniGUI25Chart;dxPScxCommonRS25;FireDACADSDriver;cxPivotGridOLAPRS25;FireDACMSSQLDriver;cxSchedulerGridRS25;vcltouch;vcldb;Intraweb;dxGaugeControlRS25;cxLibraryRS25;dxFlowChartAdvancedCustomizeFormRS25;FireDACDBXDriver;QImport3RT;RESTDWDriverFD;vclx;dxSpreadSheetConditionalFormattingDialogsRS25;dxTileControlRS25;dxMapControlRS25;dxPDFViewerRS25;dxDockingRS25;VCLRESTComponents;dxPSLnksRS25;dxWizardControlRS25;dxRichEditControlRS25;vclie;bindengine;dxFireDACServerModeRS25;FireDACMySQLDriver;pckUCDataConnector;uniGUI25Core;DataSnapClient;dxPSdxPDFViewerLnkRS25;bindcompdbx;dxPSdxLCLnkRS25;DBXSybaseASEDriver;IndyIPServer;IndySystem;dsnapcon;uIndy25;dxPSRichEditControlLnkRS25;FireDACMSAccDriver;fmxFireDAC;FireDACInfxDriver;vclimg;dxdbtrRS25;dxPScxTLLnkRS25;emshosting;dxSpreadSheetRS25;DBXOdbcDriver;FireDACTDataDriver;FMXTee;ipstudiowinclient;DbxCommonDriver;comparer_102;cxGridRS25;dxCloudServiceLibraryRS25;dxorgcRS25;dxSpreadSheetCoreConditionalFormattingDialogsRS25;xmlrtl;DataSnapNativeClient;fmxobj;rtl;DbxClientDriver;DBXSybaseASADriver;dxPSCoreRS25;dxPScxGridLnkRS25;dxPScxSchedulerLnkRS25;dxmdsRS25;DCEF_DX10;ipstudiowin;appanalytics;IndyIPClient;bindcompvcl;dxADOEMFRS25;TeeUI;VclSmp;FireDACODBCDriver;DataSnapIndy10ServerTransport;TMSEXDXE10_2;DataSnapProviderClient;FireDACMongoDBDriver;cxVerticalGridRS25;dxtrmdRS25;EhLibDBXDataDrivers250;EhLib250;dxADOServerModeRS25;DataSnapServerMidas;dxCoreRS25;pckFireDacConn;dxRichEditControlCoreRS25;DBXInterBaseDriver;cxSchedulerTreeBrowserRS25;dxPSTeeChartRS25;DBXMSSQLDriver;dxPSdxFCLnkRS25;dxRichEditCoreRS25;DatasnapConnectorsFreePascal;DWhtmlEditor;bindcompfmx;DBXOracleDriver;inetdb;FmxTeeUI;emsedge;fmx;fmxdae;dxTabbedMDIRS25;dxBarDBNavRS25;dxPScxPivotGridLnkRS25;dbexpress;IndyCore;dxFlowChartRS25;TMSDXE10_2;dxRichEditDocumentModelRS25;dsnap;DataSnapCommon;dxBarRS25;uniTools25;dxPSDBTeeChartRS25;dxdborRS25;DataSnapConnectors;uniGUI25m;dxPScxExtCommonRS25;cxPivotGridRS25;dxSpreadSheetReportDesignerRS25;dxNavBarRS25;QRWRunDXE10_2_w64;dxPSdxSpreadSheetLnkRS25;cxSchedulerRibbonStyleEventEditorRS25;FireDACOracleDriver;DBXMySQLDriver;DBXFirebirdDriver;FireDACCommonODBC;cxTreeListRS25;IndyIPCommon;vcl;dxPScxVGridLnkRS25;dxBarExtItemsRS25;dxComnRS25;FireDACDb2Driver;dxSkinsCoreRS25;dxPSdxDBTVLnkRS25;EhLibADODataDrivers250;TeeDB;dxSpreadSheetCoreRS25;dxServerModeRS25;dxPScxPCProdRS25;dxFlowChartLayoutsRS25;FireDACPgDriver;FireDACASADriver;dxEMFRS25;Tee;DataSnapServer;dxPsPrVwAdvRS25;vclwinx;FireDACDSDriver;dxRichEditInplaceRS25;cxTreeListdxBarPopupMenuRS25;CustomIPTransport;vcldsnap;cxSchedulerWebServiceStorageRS25;dxPSdxOCLnkRS25;bindcomp;DBXInformixDriver;officeXPrt;cxPivotGridChartRS25;EurekaLogCore;dxBarExtDBItemsRS25;cxSchedulerRS25;dxDBXServerModeRS25;dxFireDACEMFRS25;dxGDIPlusRS25;dxPSdxGaugeControlLnkRS25;dbxcds;adortl;uniGUI25VCL;dxRibbonRS25;dxPSdxDBOCLnkRS25;dsnapxml;dxSpellCheckerRS25;dbrtl;inetdbxpress;IndyProtocols;dxFlowChartDesignerRS25;uSynEdit_R2021;dxPSdxMapControlLnkRS25;RestDatawareCORE;$(DCC_UsePackage)</DCC_UsePackage>
    </PropertyGroup>
    <PropertyGroup Condition="'$(Cfg_1)'!=''">
        <DCC_Define>DEBUG;$(DCC_Define)</DCC_Define>
        <DCC_DebugDCUs>true</DCC_DebugDCUs>
        <DCC_Optimize>false</DCC_Optimize>
        <DCC_GenerateStackFrames>true</DCC_GenerateStackFrames>
        <DCC_DebugInfoInExe>true</DCC_DebugInfoInExe>
        <DCC_RemoteDebug>true</DCC_RemoteDebug>
    </PropertyGroup>
    <PropertyGroup Condition="'$(Cfg_1_Win32)'!=''">
        <DCC_RemoteDebug>false</DCC_RemoteDebug>
        <AppEnableRuntimeThemes>true</AppEnableRuntimeThemes>
        <AppDPIAwarenessMode>PerMonitor</AppDPIAwarenessMode>
        <VerInfo_IncludeVerInfo>true</VerInfo_IncludeVerInfo>
        <VerInfo_Locale>1033</VerInfo_Locale>
        <Icon_MainIcon>GCS_Comanda_Icon.ico</Icon_MainIcon>
        <VerInfo_MajorVer>2</VerInfo_MajorVer>
        <VerInfo_MinorVer>1</VerInfo_MinorVer>
        <VerInfo_Keys>CompanyName=GCSistemas;FileDescription=$(MSBuildProjectName);FileVersion=2.1.0.0;InternalName=;LegalCopyright=;LegalTrademarks=;OriginalFilename=;ProgramID=com.embarcadero.$(MSBuildProjectName);ProductName=$(MSBuildProjectName);ProductVersion=1.0.0.0;Comments=</VerInfo_Keys>
        <UWP_DelphiLogo44>..\Fontes_Ss_WEB\Projetos\fontes\Ss_Gestor\Logo_web1.png</UWP_DelphiLogo44>
        <UWP_DelphiLogo150>..\Fontes_Ss_WEB\Projetos\fontes\Ss_Gestor\Logo_web1.png</UWP_DelphiLogo150>
        <DCC_ExeOutput>C:\GCSISTEM\Mobile\</DCC_ExeOutput>
    </PropertyGroup>
    <PropertyGroup Condition="'$(Cfg_2)'!=''">
        <DCC_LocalDebugSymbols>false</DCC_LocalDebugSymbols>
        <DCC_Define>RELEASE;$(DCC_Define)</DCC_Define>
        <DCC_SymbolReferenceInfo>0</DCC_SymbolReferenceInfo>
        <DCC_DebugInformation>0</DCC_DebugInformation>
    </PropertyGroup>
    <PropertyGroup Condition="'$(Cfg_2_Win32)'!=''">
        <AppEnableRuntimeThemes>true</AppEnableRuntimeThemes>
        <AppDPIAwarenessMode>PerMonitor</AppDPIAwarenessMode>
    </PropertyGroup>
    <ItemGroup>
        <DelphiCompile Include="$(MainSource)">
            <MainSource>MainSource</MainSource>
        </DelphiCompile>
        <DCCReference Include="ServerModule.pas">
            <Form>UniServerModule</Form>
            <FormType>dfm</FormType>
            <DesignClass>TUniGUIServerModule</DesignClass>
        </DCCReference>
        <DCCReference Include="MainModule.pas">
            <Form>UniMainModule</Form>
            <FormType>dfm</FormType>
            <DesignClass>TUniGUIMainModule</DesignClass>
        </DCCReference>
        <DCCReference Include="Mainm.pas">
            <Form>MainmForm</Form>
            <FormType>dfm</FormType>
            <DesignClass>TUnimForm</DesignClass>
        </DCCReference>
        <DCCReference Include="UFrmLogin.pas">
            <Form>FrmLoginForm</Form>
            <FormType>dfm</FormType>
            <DesignClass>TUnimLoginForm</DesignClass>
        </DCCReference>
        <DCCReference Include="ClassLogin.pas"/>
        <DCCReference Include="UFrmEstoque.pas">
            <Form>EstoqueForm</Form>
            <FormType>dfm</FormType>
            <DesignClass>TUnimForm</DesignClass>
        </DCCReference>
        <DCCReference Include="UFrmAterarPrecoProduto.pas">
            <Form>AtualizarPrecoProdForm</Form>
            <FormType>dfm</FormType>
            <DesignClass>TUnimForm</DesignClass>
        </DCCReference>
        <DCCReference Include="UFrmConsultarPreco.pas">
            <Form>ConsultarPrecoForm</Form>
            <FormType>dfm</FormType>
            <DesignClass>TUnimForm</DesignClass>
        </DCCReference>
        <DCCReference Include="UFrmMovimentos.pas">
            <Form>FrmMovimentosForm</Form>
            <FormType>dfm</FormType>
            <DesignClass>TUnimForm</DesignClass>
        </DCCReference>
        <DCCReference Include="UFrmPedidodeVenda.pas">
            <Form>PeditoVendaForm</Form>
            <FormType>dfm</FormType>
            <DesignClass>TUnimForm</DesignClass>
        </DCCReference>
        <DCCReference Include="UFrmFicha_cliente.pas">
            <Form>Ficha_ClienteForm</Form>
            <FormType>dfm</FormType>
            <DesignClass>TUnimForm</DesignClass>
        </DCCReference>
        <None Include="ModelSupport_Ss_Comanda\default.txaPackage"/>
        <None Include="ModelSupport_Ss_Comanda\default.txvpck"/>
        <None Include="ModelSupport_Ss_Comanda\UFrmPedidodeVenda\default.txaPackage"/>
        <None Include="ModelSupport_Ss_Comanda\UFrmPedidodeVenda\default.txvpck"/>
        <None Include="ModelSupport_Ss_Comanda\UFrmMovimentos\default.txaPackage"/>
        <None Include="ModelSupport_Ss_Comanda\UFrmMovimentos\default.txvpck"/>
        <None Include="ModelSupport_Ss_Comanda\UFrmLogin\default.txaPackage"/>
        <None Include="ModelSupport_Ss_Comanda\UFrmLogin\default.txvpck"/>
        <None Include="ModelSupport_Ss_Comanda\UFrmEstoque\default.txaPackage"/>
        <None Include="ModelSupport_Ss_Comanda\UFrmEstoque\default.txvpck"/>
        <None Include="ModelSupport_Ss_Comanda\UFrmConsultarPreco\default.txaPackage"/>
        <None Include="ModelSupport_Ss_Comanda\UFrmConsultarPreco\default.txvpck"/>
        <None Include="ModelSupport_Ss_Comanda\UFrmAterarPrecoProduto\default.txaPackage"/>
        <None Include="ModelSupport_Ss_Comanda\UFrmAterarPrecoProduto\default.txvpck"/>
        <None Include="ModelSupport_Ss_Comanda\ServerModule\default.txaPackage"/>
        <None Include="ModelSupport_Ss_Comanda\ServerModule\default.txvpck"/>
        <None Include="ModelSupport_Ss_Comanda\MainModule\default.txaPackage"/>
        <None Include="ModelSupport_Ss_Comanda\MainModule\default.txvpck"/>
        <None Include="ModelSupport_Ss_Comanda\Mainm\default.txaPackage"/>
        <None Include="ModelSupport_Ss_Comanda\Mainm\default.txvpck"/>
        <None Include="ModelSupport_Ss_Comanda\GCS_Web\default.txaPackage"/>
        <None Include="ModelSupport_Ss_Comanda\GCS_Web\default.txvpck"/>
        <None Include="ModelSupport_Ss_Comanda\GCS_Comanda\default.txaPackage"/>
        <None Include="ModelSupport_Ss_Comanda\GCS_Comanda\default.txvpck"/>
        <None Include="ModelSupport_Ss_Comanda\ClassLogin\default.txaPackage"/>
        <None Include="ModelSupport_Ss_Comanda\ClassLogin\default.txvpck"/>
        <None Include="ModelSupport_Ss_Comanda\Ss_Comanda\default.txvpck"/>
        <None Include="ModelSupport_Ss_Comanda\UFrmFicha_cliente\default.txvpck"/>
        <None Include="ModelSupport_Ss_Comanda\UFrmFicha_cliente\default.txaPackage"/>
        <None Include="ModelSupport_Ss_Comanda\Ss_Comanda\default.txaPackage"/>
        <BuildConfiguration Include="Release">
            <Key>Cfg_2</Key>
            <CfgParent>Base</CfgParent>
        </BuildConfiguration>
        <BuildConfiguration Include="Base">
            <Key>Base</Key>
        </BuildConfiguration>
        <BuildConfiguration Include="Debug">
            <Key>Cfg_1</Key>
            <CfgParent>Base</CfgParent>
        </BuildConfiguration>
    </ItemGroup>
    <ProjectExtensions>
        <Borland.Personality>Delphi.Personality.12</Borland.Personality>
        <Borland.ProjectType>Application</Borland.ProjectType>
        <BorlandProject>
            <Delphi.Personality>
                <Source>
                    <Source Name="MainSource">Ss_Comanda.dpr</Source>
                </Source>
                <Excluded_Packages>
                    <Excluded_Packages Name="$(BDSBIN)\dcloffice2k250.bpl">Microsoft Office 2000 Sample Automation Server Wrapper Components</Excluded_Packages>
                    <Excluded_Packages Name="C:\Users\Public\Documents\Embarcadero\Studio\19.0\Bpl\TInjectCollection.bpl">File C:\Users\Public\Documents\Embarcadero\Studio\19.0\Bpl\TInjectCollection.bpl not found</Excluded_Packages>
                </Excluded_Packages>
            </Delphi.Personality>
            <Deployment Version="3">
                <DeployFile LocalName="ModelSupport_Ss_Comanda\UFrmFicha_cliente\default.txaPackage" Configuration="Debug" Class="ProjectFile">
                    <Platform Name="Win32">
                        <RemoteDir>.\</RemoteDir>
                        <Overwrite>true</Overwrite>
                    </Platform>
                </DeployFile>
                <DeployFile LocalName="ModelSupport_Ss_Comanda\UFrmAterarPrecoProduto\default.txaPackage" Configuration="Debug" Class="ProjectFile">
                    <Platform Name="Win32">
                        <RemoteDir>.\</RemoteDir>
                        <Overwrite>true</Overwrite>
                    </Platform>
                </DeployFile>
                <DeployFile LocalName="ModelSupport_Ss_Comanda\UFrmAterarPrecoProduto\default.txvpck" Configuration="Debug" Class="ProjectFile">
                    <Platform Name="Win32">
                        <RemoteDir>.\</RemoteDir>
                        <Overwrite>true</Overwrite>
                    </Platform>
                </DeployFile>
                <DeployFile LocalName="ModelSupport_Ss_Comanda\UFrmFicha_cliente\default.txvpck" Configuration="Debug" Class="ProjectFile">
                    <Platform Name="Win32">
                        <RemoteDir>.\</RemoteDir>
                        <Overwrite>true</Overwrite>
                    </Platform>
                </DeployFile>
                <DeployFile LocalName="Win32\Debug\Ss_Comanda.exe" Configuration="Debug" Class="ProjectOutput">
                    <Platform Name="Win32">
                        <RemoteName>Ss_Comanda.exe</RemoteName>
                        <Overwrite>true</Overwrite>
                    </Platform>
                </DeployFile>
                <DeployFile LocalName="ModelSupport_Ss_Comanda\ServerModule\default.txvpck" Configuration="Debug" Class="ProjectFile">
                    <Platform Name="Win32">
                        <RemoteDir>.\</RemoteDir>
                        <Overwrite>true</Overwrite>
                    </Platform>
                </DeployFile>
                <DeployFile LocalName="ModelSupport_Ss_Comanda\GCS_Comanda\default.txaPackage" Configuration="Debug" Class="ProjectFile">
                    <Platform Name="Win32">
                        <RemoteDir>.\</RemoteDir>
                        <Overwrite>true</Overwrite>
                    </Platform>
                </DeployFile>
                <DeployFile LocalName="ModelSupport_Ss_Comanda\default.txaPackage" Configuration="Debug" Class="ProjectFile">
                    <Platform Name="Win32">
                        <RemoteDir>.\</RemoteDir>
                        <Overwrite>true</Overwrite>
                    </Platform>
                </DeployFile>
                <DeployFile LocalName="ModelSupport_Ss_Comanda\Ss_Comanda\default.txaPackage" Configuration="Debug" Class="ProjectFile">
                    <Platform Name="Win32">
                        <RemoteDir>.\</RemoteDir>
                        <Overwrite>true</Overwrite>
                    </Platform>
                </DeployFile>
                <DeployFile LocalName="ModelSupport_Ss_Comanda\UFrmLogin\default.txvpck" Configuration="Debug" Class="ProjectFile">
                    <Platform Name="Win32">
                        <RemoteDir>.\</RemoteDir>
                        <Overwrite>true</Overwrite>
                    </Platform>
                </DeployFile>
                <DeployFile LocalName="ModelSupport_Ss_Comanda\UFrmPedidodeVenda\default.txaPackage" Configuration="Debug" Class="ProjectFile">
                    <Platform Name="Win32">
                        <RemoteDir>.\</RemoteDir>
                        <Overwrite>true</Overwrite>
                    </Platform>
                </DeployFile>
                <DeployFile LocalName="ModelSupport_Ss_Comanda\UFrmPedidodeVenda\default.txvpck" Configuration="Debug" Class="ProjectFile">
                    <Platform Name="Win32">
                        <RemoteDir>.\</RemoteDir>
                        <Overwrite>true</Overwrite>
                    </Platform>
                </DeployFile>
                <DeployFile LocalName="ModelSupport_Ss_Comanda\UFrmEstoque\default.txvpck" Configuration="Debug" Class="ProjectFile">
                    <Platform Name="Win32">
                        <RemoteDir>.\</RemoteDir>
                        <Overwrite>true</Overwrite>
                    </Platform>
                </DeployFile>
                <DeployFile LocalName="ModelSupport_Ss_Comanda\UFrmConsultarPreco\default.txaPackage" Configuration="Debug" Class="ProjectFile">
                    <Platform Name="Win32">
                        <RemoteDir>.\</RemoteDir>
                        <Overwrite>true</Overwrite>
                    </Platform>
                </DeployFile>
                <DeployFile LocalName="ModelSupport_Ss_Comanda\ServerModule\default.txaPackage" Configuration="Debug" Class="ProjectFile">
                    <Platform Name="Win32">
                        <RemoteDir>.\</RemoteDir>
                        <Overwrite>true</Overwrite>
                    </Platform>
                </DeployFile>
                <DeployFile LocalName="C:\Users\tokyo\Pictures\logo_ico.png" Configuration="Debug" Class="UWP_DelphiLogo44">
                    <Platform Name="Win32">
                        <RemoteDir>Assets\</RemoteDir>
                        <RemoteName>Logo44x44.png</RemoteName>
                        <Overwrite>true</Overwrite>
                    </Platform>
                </DeployFile>
                <DeployFile LocalName="ModelSupport_Ss_Comanda\UFrmMovimentos\default.txvpck" Configuration="Debug" Class="ProjectFile">
                    <Platform Name="Win32">
                        <RemoteDir>.\</RemoteDir>
                        <Overwrite>true</Overwrite>
                    </Platform>
                </DeployFile>
                <DeployFile LocalName="ModelSupport_Ss_Comanda\ClassLogin\default.txaPackage" Configuration="Debug" Class="ProjectFile">
                    <Platform Name="Win32">
                        <RemoteDir>.\</RemoteDir>
                        <Overwrite>true</Overwrite>
                    </Platform>
                </DeployFile>
                <DeployFile LocalName="ModelSupport_Ss_Comanda\Mainm\default.txaPackage" Configuration="Debug" Class="ProjectFile">
                    <Platform Name="Win32">
                        <RemoteDir>.\</RemoteDir>
                        <Overwrite>true</Overwrite>
                    </Platform>
                </DeployFile>
                <DeployFile LocalName="ModelSupport_Ss_Comanda\Mainm\default.txvpck" Configuration="Debug" Class="ProjectFile">
                    <Platform Name="Win32">
                        <RemoteDir>.\</RemoteDir>
                        <Overwrite>true</Overwrite>
                    </Platform>
                </DeployFile>
                <DeployFile LocalName="ModelSupport_Ss_Comanda\MainModule\default.txaPackage" Configuration="Debug" Class="ProjectFile">
                    <Platform Name="Win32">
                        <RemoteDir>.\</RemoteDir>
                        <Overwrite>true</Overwrite>
                    </Platform>
                </DeployFile>
                <DeployFile LocalName="ModelSupport_Ss_Comanda\UFrmEstoque\default.txaPackage" Configuration="Debug" Class="ProjectFile">
                    <Platform Name="Win32">
                        <RemoteDir>.\</RemoteDir>
                        <Overwrite>true</Overwrite>
                    </Platform>
                </DeployFile>
                <DeployFile LocalName="ModelSupport_Ss_Comanda\ClassLogin\default.txvpck" Configuration="Debug" Class="ProjectFile">
                    <Platform Name="Win32">
                        <RemoteDir>.\</RemoteDir>
                        <Overwrite>true</Overwrite>
                    </Platform>
                </DeployFile>
                <DeployFile LocalName="ModelSupport_Ss_Comanda\MainModule\default.txvpck" Configuration="Debug" Class="ProjectFile">
                    <Platform Name="Win32">
                        <RemoteDir>.\</RemoteDir>
                        <Overwrite>true</Overwrite>
                    </Platform>
                </DeployFile>
                <DeployFile LocalName="ModelSupport_Ss_Comanda\UFrmLogin\default.txaPackage" Configuration="Debug" Class="ProjectFile">
                    <Platform Name="Win32">
                        <RemoteDir>.\</RemoteDir>
                        <Overwrite>true</Overwrite>
                    </Platform>
                </DeployFile>
                <DeployFile LocalName="ModelSupport_Ss_Comanda\UFrmConsultarPreco\default.txvpck" Configuration="Debug" Class="ProjectFile">
                    <Platform Name="Win32">
                        <RemoteDir>.\</RemoteDir>
                        <Overwrite>true</Overwrite>
                    </Platform>
                </DeployFile>
                <DeployFile LocalName="ModelSupport_Ss_Comanda\UFrmMovimentos\default.txaPackage" Configuration="Debug" Class="ProjectFile">
                    <Platform Name="Win32">
                        <RemoteDir>.\</RemoteDir>
                        <Overwrite>true</Overwrite>
                    </Platform>
                </DeployFile>
                <DeployFile LocalName="..\Fontes_Ss_WEB\Projetos\fontes\Ss_Gestor\Logo_web1.png" Configuration="Debug" Class="UWP_DelphiLogo44">
                    <Platform Name="Win32">
                        <RemoteDir>Assets\</RemoteDir>
                        <RemoteName>Logo44x44.png</RemoteName>
                        <Overwrite>true</Overwrite>
                    </Platform>
                </DeployFile>
                <DeployFile LocalName="ModelSupport_Ss_Comanda\GCS_Comanda\default.txvpck" Configuration="Debug" Class="ProjectFile">
                    <Platform Name="Win32">
                        <RemoteDir>.\</RemoteDir>
                        <Overwrite>true</Overwrite>
                    </Platform>
                </DeployFile>
                <DeployFile LocalName="ModelSupport_Ss_Comanda\default.txvpck" Configuration="Debug" Class="ProjectFile">
                    <Platform Name="Win32">
                        <RemoteDir>.\</RemoteDir>
                        <Overwrite>true</Overwrite>
                    </Platform>
                </DeployFile>
                <DeployFile LocalName="ModelSupport_Ss_Comanda\Ss_Comanda\default.txvpck" Configuration="Debug" Class="ProjectFile">
                    <Platform Name="Win32">
                        <RemoteDir>.\</RemoteDir>
                        <Overwrite>true</Overwrite>
                    </Platform>
                </DeployFile>
                <DeployFile LocalName="ModelSupport_Ss_Comanda\GCS_Web\default.txaPackage" Configuration="Debug" Class="ProjectFile">
                    <Platform Name="Win32">
                        <RemoteDir>.\</RemoteDir>
                        <Overwrite>true</Overwrite>
                    </Platform>
                </DeployFile>
                <DeployFile LocalName="ModelSupport_Ss_Comanda\GCS_Web\default.txvpck" Configuration="Debug" Class="ProjectFile">
                    <Platform Name="Win32">
                        <RemoteDir>.\</RemoteDir>
                        <Overwrite>true</Overwrite>
                    </Platform>
                </DeployFile>
                <DeployClass Name="AdditionalDebugSymbols">
                    <Platform Name="iOSSimulator">
                        <Operation>1</Operation>
                    </Platform>
                    <Platform Name="OSX32">
                        <RemoteDir>Contents\MacOS</RemoteDir>
                        <Operation>1</Operation>
                    </Platform>
                    <Platform Name="Win32">
                        <RemoteDir>Contents\MacOS</RemoteDir>
                        <Operation>0</Operation>
                    </Platform>
                </DeployClass>
                <DeployClass Name="AndroidClassesDexFile">
                    <Platform Name="Android">
                        <RemoteDir>classes</RemoteDir>
                        <Operation>1</Operation>
                    </Platform>
                </DeployClass>
                <DeployClass Name="AndroidFileProvider">
                    <Platform Name="Android">
                        <RemoteDir>res\xml</RemoteDir>
                        <Operation>1</Operation>
                    </Platform>
                </DeployClass>
                <DeployClass Name="AndroidGDBServer">
                    <Platform Name="Android">
                        <RemoteDir>library\lib\armeabi-v7a</RemoteDir>
                        <Operation>1</Operation>
                    </Platform>
                </DeployClass>
                <DeployClass Name="AndroidLibnativeArmeabiFile">
                    <Platform Name="Android">
                        <RemoteDir>library\lib\armeabi</RemoteDir>
                        <Operation>1</Operation>
                    </Platform>
                </DeployClass>
                <DeployClass Name="AndroidLibnativeMipsFile">
                    <Platform Name="Android">
                        <RemoteDir>library\lib\mips</RemoteDir>
                        <Operation>1</Operation>
                    </Platform>
                </DeployClass>
                <DeployClass Name="AndroidServiceOutput">
                    <Platform Name="Android">
                        <RemoteDir>library\lib\armeabi-v7a</RemoteDir>
                        <Operation>1</Operation>
                    </Platform>
                </DeployClass>
                <DeployClass Name="AndroidSplashImageDef">
                    <Platform Name="Android">
                        <RemoteDir>res\drawable</RemoteDir>
                        <Operation>1</Operation>
                    </Platform>
                </DeployClass>
                <DeployClass Name="AndroidSplashStyles">
                    <Platform Name="Android">
                        <RemoteDir>res\values</RemoteDir>
                        <Operation>1</Operation>
                    </Platform>
                </DeployClass>
                <DeployClass Name="AndroidSplashStylesV21">
                    <Platform Name="Android">
                        <RemoteDir>res\values-v21</RemoteDir>
                        <Operation>1</Operation>
                    </Platform>
                </DeployClass>
                <DeployClass Name="Android_Colors">
                    <Platform Name="Android">
                        <RemoteDir>res\values</RemoteDir>
                        <Operation>1</Operation>
                    </Platform>
                </DeployClass>
                <DeployClass Name="Android_DefaultAppIcon">
                    <Platform Name="Android">
                        <RemoteDir>res\drawable</RemoteDir>
                        <Operation>1</Operation>
                    </Platform>
                </DeployClass>
                <DeployClass Name="Android_LauncherIcon144">
                    <Platform Name="Android">
                        <RemoteDir>res\drawable-xxhdpi</RemoteDir>
                        <Operation>1</Operation>
                    </Platform>
                </DeployClass>
                <DeployClass Name="Android_LauncherIcon36">
                    <Platform Name="Android">
                        <RemoteDir>res\drawable-ldpi</RemoteDir>
                        <Operation>1</Operation>
                    </Platform>
                </DeployClass>
                <DeployClass Name="Android_LauncherIcon48">
                    <Platform Name="Android">
                        <RemoteDir>res\drawable-mdpi</RemoteDir>
                        <Operation>1</Operation>
                    </Platform>
                </DeployClass>
                <DeployClass Name="Android_LauncherIcon72">
                    <Platform Name="Android">
                        <RemoteDir>res\drawable-hdpi</RemoteDir>
                        <Operation>1</Operation>
                    </Platform>
                </DeployClass>
                <DeployClass Name="Android_LauncherIcon96">
                    <Platform Name="Android">
                        <RemoteDir>res\drawable-xhdpi</RemoteDir>
                        <Operation>1</Operation>
                    </Platform>
                </DeployClass>
                <DeployClass Name="Android_NotificationIcon24">
                    <Platform Name="Android">
                        <RemoteDir>res\drawable-mdpi</RemoteDir>
                        <Operation>1</Operation>
                    </Platform>
                </DeployClass>
                <DeployClass Name="Android_NotificationIcon36">
                    <Platform Name="Android">
                        <RemoteDir>res\drawable-hdpi</RemoteDir>
                        <Operation>1</Operation>
                    </Platform>
                </DeployClass>
                <DeployClass Name="Android_NotificationIcon48">
                    <Platform Name="Android">
                        <RemoteDir>res\drawable-xhdpi</RemoteDir>
                        <Operation>1</Operation>
                    </Platform>
                </DeployClass>
                <DeployClass Name="Android_NotificationIcon72">
                    <Platform Name="Android">
                        <RemoteDir>res\drawable-xxhdpi</RemoteDir>
                        <Operation>1</Operation>
                    </Platform>
                </DeployClass>
                <DeployClass Name="Android_NotificationIcon96">
                    <Platform Name="Android">
                        <RemoteDir>res\drawable-xxxhdpi</RemoteDir>
                        <Operation>1</Operation>
                    </Platform>
                </DeployClass>
                <DeployClass Name="Android_SplashImage426">
                    <Platform Name="Android">
                        <RemoteDir>res\drawable-small</RemoteDir>
                        <Operation>1</Operation>
                    </Platform>
                </DeployClass>
                <DeployClass Name="Android_SplashImage470">
                    <Platform Name="Android">
                        <RemoteDir>res\drawable-normal</RemoteDir>
                        <Operation>1</Operation>
                    </Platform>
                </DeployClass>
                <DeployClass Name="Android_SplashImage640">
                    <Platform Name="Android">
                        <RemoteDir>res\drawable-large</RemoteDir>
                        <Operation>1</Operation>
                    </Platform>
                </DeployClass>
                <DeployClass Name="Android_SplashImage960">
                    <Platform Name="Android">
                        <RemoteDir>res\drawable-xlarge</RemoteDir>
                        <Operation>1</Operation>
                    </Platform>
                </DeployClass>
                <DeployClass Name="Android_Strings">
                    <Platform Name="Android">
                        <RemoteDir>res\values</RemoteDir>
                        <Operation>1</Operation>
                    </Platform>
                </DeployClass>
                <DeployClass Name="DebugSymbols">
                    <Platform Name="iOSSimulator">
                        <Operation>1</Operation>
                    </Platform>
                    <Platform Name="OSX32">
                        <RemoteDir>Contents\MacOS</RemoteDir>
                        <Operation>1</Operation>
                    </Platform>
                    <Platform Name="Win32">
                        <Operation>0</Operation>
                    </Platform>
                </DeployClass>
                <DeployClass Name="DependencyFramework">
                    <Platform Name="OSX32">
                        <RemoteDir>Contents\MacOS</RemoteDir>
                        <Operation>1</Operation>
                        <Extensions>.framework</Extensions>
                    </Platform>
                    <Platform Name="Win32">
                        <Operation>0</Operation>
                    </Platform>
                </DeployClass>
                <DeployClass Name="DependencyModule">
                    <Platform Name="iOSDevice32">
                        <Operation>1</Operation>
                        <Extensions>.dylib</Extensions>
                    </Platform>
                    <Platform Name="iOSDevice64">
                        <Operation>1</Operation>
                        <Extensions>.dylib</Extensions>
                    </Platform>
                    <Platform Name="iOSSimulator">
                        <Operation>1</Operation>
                        <Extensions>.dylib</Extensions>
                    </Platform>
                    <Platform Name="OSX32">
                        <RemoteDir>Contents\MacOS</RemoteDir>
                        <Operation>1</Operation>
                        <Extensions>.dylib</Extensions>
                    </Platform>
                    <Platform Name="Win32">
                        <Operation>0</Operation>
                        <Extensions>.dll;.bpl</Extensions>
                    </Platform>
                </DeployClass>
                <DeployClass Required="true" Name="DependencyPackage">
                    <Platform Name="iOSDevice32">
                        <Operation>1</Operation>
                        <Extensions>.dylib</Extensions>
                    </Platform>
                    <Platform Name="iOSDevice64">
                        <Operation>1</Operation>
                        <Extensions>.dylib</Extensions>
                    </Platform>
                    <Platform Name="iOSSimulator">
                        <Operation>1</Operation>
                        <Extensions>.dylib</Extensions>
                    </Platform>
                    <Platform Name="OSX32">
                        <RemoteDir>Contents\MacOS</RemoteDir>
                        <Operation>1</Operation>
                        <Extensions>.dylib</Extensions>
                    </Platform>
                    <Platform Name="Win32">
                        <Operation>0</Operation>
                        <Extensions>.bpl</Extensions>
                    </Platform>
                </DeployClass>
                <DeployClass Name="File">
                    <Platform Name="Android">
                        <Operation>0</Operation>
                    </Platform>
                    <Platform Name="iOSDevice32">
                        <Operation>0</Operation>
                    </Platform>
                    <Platform Name="iOSDevice64">
                        <Operation>0</Operation>
                    </Platform>
                    <Platform Name="iOSSimulator">
                        <Operation>0</Operation>
                    </Platform>
                    <Platform Name="OSX32">
                        <RemoteDir>Contents\Resources\StartUp\</RemoteDir>
                        <Operation>0</Operation>
                    </Platform>
                    <Platform Name="Win32">
                        <Operation>0</Operation>
                    </Platform>
                </DeployClass>
                <DeployClass Name="iPad_Launch1024">
                    <Platform Name="iOSDevice32">
                        <Operation>1</Operation>
                    </Platform>
                    <Platform Name="iOSDevice64">
                        <Operation>1</Operation>
                    </Platform>
                    <Platform Name="iOSSimulator">
                        <Operation>1</Operation>
                    </Platform>
                </DeployClass>
                <DeployClass Name="iPad_Launch1024x768">
                    <Platform Name="iOSDevice32">
                        <Operation>1</Operation>
                    </Platform>
                    <Platform Name="iOSDevice64">
                        <Operation>1</Operation>
                    </Platform>
                    <Platform Name="iOSSimulator">
                        <Operation>1</Operation>
                    </Platform>
                </DeployClass>
                <DeployClass Name="iPad_Launch1536">
                    <Platform Name="iOSDevice32">
                        <Operation>1</Operation>
                    </Platform>
                    <Platform Name="iOSDevice64">
                        <Operation>1</Operation>
                    </Platform>
                    <Platform Name="iOSSimulator">
                        <Operation>1</Operation>
                    </Platform>
                </DeployClass>
                <DeployClass Name="iPad_Launch1536x2048">
                    <Platform Name="iOSDevice32">
                        <Operation>1</Operation>
                    </Platform>
                    <Platform Name="iOSDevice64">
                        <Operation>1</Operation>
                    </Platform>
                    <Platform Name="iOSSimulator">
                        <Operation>1</Operation>
                    </Platform>
                </DeployClass>
                <DeployClass Name="iPad_Launch1668">
                    <Platform Name="iOSDevice32">
                        <Operation>1</Operation>
                    </Platform>
                    <Platform Name="iOSDevice64">
                        <Operation>1</Operation>
                    </Platform>
                    <Platform Name="iOSSimulator">
                        <Operation>1</Operation>
                    </Platform>
                </DeployClass>
                <DeployClass Name="iPad_Launch1668x2388">
                    <Platform Name="iOSDevice32">
                        <Operation>1</Operation>
                    </Platform>
                    <Platform Name="iOSDevice64">
                        <Operation>1</Operation>
                    </Platform>
                    <Platform Name="iOSSimulator">
                        <Operation>1</Operation>
                    </Platform>
                </DeployClass>
                <DeployClass Name="iPad_Launch2048">
                    <Platform Name="iOSDevice32">
                        <Operation>1</Operation>
                    </Platform>
                    <Platform Name="iOSDevice64">
                        <Operation>1</Operation>
                    </Platform>
                    <Platform Name="iOSSimulator">
                        <Operation>1</Operation>
                    </Platform>
                </DeployClass>
                <DeployClass Name="iPad_Launch2048x1536">
                    <Platform Name="iOSDevice32">
                        <Operation>1</Operation>
                    </Platform>
                    <Platform Name="iOSDevice64">
                        <Operation>1</Operation>
                    </Platform>
                    <Platform Name="iOSSimulator">
                        <Operation>1</Operation>
                    </Platform>
                </DeployClass>
                <DeployClass Name="iPad_Launch2048x2732">
                    <Platform Name="iOSDevice32">
                        <Operation>1</Operation>
                    </Platform>
                    <Platform Name="iOSDevice64">
                        <Operation>1</Operation>
                    </Platform>
                    <Platform Name="iOSSimulator">
                        <Operation>1</Operation>
                    </Platform>
                </DeployClass>
                <DeployClass Name="iPad_Launch2224">
                    <Platform Name="iOSDevice32">
                        <Operation>1</Operation>
                    </Platform>
                    <Platform Name="iOSDevice64">
                        <Operation>1</Operation>
                    </Platform>
                    <Platform Name="iOSSimulator">
                        <Operation>1</Operation>
                    </Platform>
                </DeployClass>
                <DeployClass Name="iPad_Launch2388x1668">
                    <Platform Name="iOSDevice32">
                        <Operation>1</Operation>
                    </Platform>
                    <Platform Name="iOSDevice64">
                        <Operation>1</Operation>
                    </Platform>
                    <Platform Name="iOSSimulator">
                        <Operation>1</Operation>
                    </Platform>
                </DeployClass>
                <DeployClass Name="iPad_Launch2732x2048">
                    <Platform Name="iOSDevice32">
                        <Operation>1</Operation>
                    </Platform>
                    <Platform Name="iOSDevice64">
                        <Operation>1</Operation>
                    </Platform>
                    <Platform Name="iOSSimulator">
                        <Operation>1</Operation>
                    </Platform>
                </DeployClass>
                <DeployClass Name="iPad_Launch768">
                    <Platform Name="iOSDevice32">
                        <Operation>1</Operation>
                    </Platform>
                    <Platform Name="iOSDevice64">
                        <Operation>1</Operation>
                    </Platform>
                    <Platform Name="iOSSimulator">
                        <Operation>1</Operation>
                    </Platform>
                </DeployClass>
                <DeployClass Name="iPad_Launch768x1024">
                    <Platform Name="iOSDevice32">
                        <Operation>1</Operation>
                    </Platform>
                    <Platform Name="iOSDevice64">
                        <Operation>1</Operation>
                    </Platform>
                    <Platform Name="iOSSimulator">
                        <Operation>1</Operation>
                    </Platform>
                </DeployClass>
                <DeployClass Name="iPhone_Launch1125">
                    <Platform Name="iOSDevice32">
                        <Operation>1</Operation>
                    </Platform>
                    <Platform Name="iOSDevice64">
                        <Operation>1</Operation>
                    </Platform>
                    <Platform Name="iOSSimulator">
                        <Operation>1</Operation>
                    </Platform>
                </DeployClass>
                <DeployClass Name="iPhone_Launch1136x640">
                    <Platform Name="iOSDevice32">
                        <Operation>1</Operation>
                    </Platform>
                    <Platform Name="iOSDevice64">
                        <Operation>1</Operation>
                    </Platform>
                    <Platform Name="iOSSimulator">
                        <Operation>1</Operation>
                    </Platform>
                </DeployClass>
                <DeployClass Name="iPhone_Launch1242">
                    <Platform Name="iOSDevice32">
                        <Operation>1</Operation>
                    </Platform>
                    <Platform Name="iOSDevice64">
                        <Operation>1</Operation>
                    </Platform>
                    <Platform Name="iOSSimulator">
                        <Operation>1</Operation>
                    </Platform>
                </DeployClass>
                <DeployClass Name="iPhone_Launch1242x2688">
                    <Platform Name="iOSDevice32">
                        <Operation>1</Operation>
                    </Platform>
                    <Platform Name="iOSDevice64">
                        <Operation>1</Operation>
                    </Platform>
                    <Platform Name="iOSSimulator">
                        <Operation>1</Operation>
                    </Platform>
                </DeployClass>
                <DeployClass Name="iPhone_Launch1334">
                    <Platform Name="iOSDevice32">
                        <Operation>1</Operation>
                    </Platform>
                    <Platform Name="iOSDevice64">
                        <Operation>1</Operation>
                    </Platform>
                    <Platform Name="iOSSimulator">
                        <Operation>1</Operation>
                    </Platform>
                </DeployClass>
                <DeployClass Name="iPhone_Launch1792">
                    <Platform Name="iOSDevice32">
                        <Operation>1</Operation>
                    </Platform>
                    <Platform Name="iOSDevice64">
                        <Operation>1</Operation>
                    </Platform>
                    <Platform Name="iOSSimulator">
                        <Operation>1</Operation>
                    </Platform>
                </DeployClass>
                <DeployClass Name="iPhone_Launch2208">
                    <Platform Name="iOSDevice32">
                        <Operation>1</Operation>
                    </Platform>
                    <Platform Name="iOSDevice64">
                        <Operation>1</Operation>
                    </Platform>
                    <Platform Name="iOSSimulator">
                        <Operation>1</Operation>
                    </Platform>
                </DeployClass>
                <DeployClass Name="iPhone_Launch2436">
                    <Platform Name="iOSDevice32">
                        <Operation>1</Operation>
                    </Platform>
                    <Platform Name="iOSDevice64">
                        <Operation>1</Operation>
                    </Platform>
                    <Platform Name="iOSSimulator">
                        <Operation>1</Operation>
                    </Platform>
                </DeployClass>
                <DeployClass Name="iPhone_Launch2688x1242">
                    <Platform Name="iOSDevice32">
                        <Operation>1</Operation>
                    </Platform>
                    <Platform Name="iOSDevice64">
                        <Operation>1</Operation>
                    </Platform>
                    <Platform Name="iOSSimulator">
                        <Operation>1</Operation>
                    </Platform>
                </DeployClass>
                <DeployClass Name="iPhone_Launch320">
                    <Platform Name="iOSDevice32">
                        <Operation>1</Operation>
                    </Platform>
                    <Platform Name="iOSDevice64">
                        <Operation>1</Operation>
                    </Platform>
                    <Platform Name="iOSSimulator">
                        <Operation>1</Operation>
                    </Platform>
                </DeployClass>
                <DeployClass Name="iPhone_Launch640">
                    <Platform Name="iOSDevice32">
                        <Operation>1</Operation>
                    </Platform>
                    <Platform Name="iOSDevice64">
                        <Operation>1</Operation>
                    </Platform>
                    <Platform Name="iOSSimulator">
                        <Operation>1</Operation>
                    </Platform>
                </DeployClass>
                <DeployClass Name="iPhone_Launch640x1136">
                    <Platform Name="iOSDevice32">
                        <Operation>1</Operation>
                    </Platform>
                    <Platform Name="iOSDevice64">
                        <Operation>1</Operation>
                    </Platform>
                    <Platform Name="iOSSimulator">
                        <Operation>1</Operation>
                    </Platform>
                </DeployClass>
                <DeployClass Name="iPhone_Launch750">
                    <Platform Name="iOSDevice32">
                        <Operation>1</Operation>
                    </Platform>
                    <Platform Name="iOSDevice64">
                        <Operation>1</Operation>
                    </Platform>
                    <Platform Name="iOSSimulator">
                        <Operation>1</Operation>
                    </Platform>
                </DeployClass>
                <DeployClass Name="iPhone_Launch828">
                    <Platform Name="iOSDevice32">
                        <Operation>1</Operation>
                    </Platform>
                    <Platform Name="iOSDevice64">
                        <Operation>1</Operation>
                    </Platform>
                    <Platform Name="iOSSimulator">
                        <Operation>1</Operation>
                    </Platform>
                </DeployClass>
                <DeployClass Name="ProjectAndroidManifest">
                    <Platform Name="Android">
                        <Operation>1</Operation>
                    </Platform>
                </DeployClass>
                <DeployClass Name="ProjectiOSDeviceDebug">
                    <Platform Name="iOSDevice32">
                        <RemoteDir>..\$(PROJECTNAME).app.dSYM\Contents\Resources\DWARF</RemoteDir>
                        <Operation>1</Operation>
                    </Platform>
                    <Platform Name="iOSDevice64">
                        <RemoteDir>..\$(PROJECTNAME).app.dSYM\Contents\Resources\DWARF</RemoteDir>
                        <Operation>1</Operation>
                    </Platform>
                </DeployClass>
                <DeployClass Name="ProjectiOSDeviceResourceRules">
                    <Platform Name="iOSDevice32">
                        <Operation>1</Operation>
                    </Platform>
                    <Platform Name="iOSDevice64">
                        <Operation>1</Operation>
                    </Platform>
                </DeployClass>
                <DeployClass Name="ProjectiOSEntitlements">
                    <Platform Name="iOSDevice32">
                        <RemoteDir>..\</RemoteDir>
                        <Operation>1</Operation>
                    </Platform>
                    <Platform Name="iOSDevice64">
                        <RemoteDir>..\</RemoteDir>
                        <Operation>1</Operation>
                    </Platform>
                </DeployClass>
                <DeployClass Name="ProjectiOSInfoPList">
                    <Platform Name="iOSDevice32">
                        <Operation>1</Operation>
                    </Platform>
                    <Platform Name="iOSDevice64">
                        <Operation>1</Operation>
                    </Platform>
                    <Platform Name="iOSSimulator">
                        <Operation>1</Operation>
                    </Platform>
                </DeployClass>
                <DeployClass Name="ProjectiOSResource">
                    <Platform Name="iOSDevice32">
                        <Operation>1</Operation>
                    </Platform>
                    <Platform Name="iOSDevice64">
                        <Operation>1</Operation>
                    </Platform>
                    <Platform Name="iOSSimulator">
                        <Operation>1</Operation>
                    </Platform>
                </DeployClass>
                <DeployClass Name="ProjectOSXDebug">
                    <Platform Name="OSX64">
                        <RemoteDir>..\$(PROJECTNAME).app.dSYM\Contents\Resources\DWARF</RemoteDir>
                        <Operation>1</Operation>
                    </Platform>
                </DeployClass>
                <DeployClass Name="ProjectOSXEntitlements">
                    <Platform Name="OSX32">
                        <RemoteDir>..\</RemoteDir>
                        <Operation>1</Operation>
                    </Platform>
                </DeployClass>
                <DeployClass Name="ProjectOSXInfoPList">
                    <Platform Name="OSX32">
                        <RemoteDir>Contents</RemoteDir>
                        <Operation>1</Operation>
                    </Platform>
                </DeployClass>
                <DeployClass Name="ProjectOSXResource">
                    <Platform Name="OSX32">
                        <RemoteDir>Contents\Resources</RemoteDir>
                        <Operation>1</Operation>
                    </Platform>
                </DeployClass>
                <DeployClass Required="true" Name="ProjectOutput">
                    <Platform Name="Android">
                        <RemoteDir>library\lib\armeabi-v7a</RemoteDir>
                        <Operation>1</Operation>
                    </Platform>
                    <Platform Name="iOSDevice32">
                        <Operation>1</Operation>
                    </Platform>
                    <Platform Name="iOSDevice64">
                        <Operation>1</Operation>
                    </Platform>
                    <Platform Name="iOSSimulator">
                        <Operation>1</Operation>
                    </Platform>
                    <Platform Name="Linux64">
                        <Operation>1</Operation>
                    </Platform>
                    <Platform Name="OSX32">
                        <RemoteDir>Contents\MacOS</RemoteDir>
                        <Operation>1</Operation>
                    </Platform>
                    <Platform Name="Win32">
                        <Operation>0</Operation>
                    </Platform>
                </DeployClass>
                <DeployClass Name="ProjectUWPManifest">
                    <Platform Name="Win32">
                        <Operation>1</Operation>
                    </Platform>
                    <Platform Name="Win64">
                        <Operation>1</Operation>
                    </Platform>
                </DeployClass>
                <DeployClass Name="UWP_DelphiLogo150">
                    <Platform Name="Win32">
                        <RemoteDir>Assets</RemoteDir>
                        <Operation>1</Operation>
                    </Platform>
                    <Platform Name="Win64">
                        <RemoteDir>Assets</RemoteDir>
                        <Operation>1</Operation>
                    </Platform>
                </DeployClass>
                <DeployClass Name="UWP_DelphiLogo44">
                    <Platform Name="Win32">
                        <RemoteDir>Assets</RemoteDir>
                        <Operation>1</Operation>
                    </Platform>
                    <Platform Name="Win64">
                        <RemoteDir>Assets</RemoteDir>
                        <Operation>1</Operation>
                    </Platform>
                </DeployClass>
                <ProjectRoot Platform="iOSDevice64" Name="$(PROJECTNAME).app"/>
                <ProjectRoot Platform="Win64" Name="$(PROJECTNAME)"/>
                <ProjectRoot Platform="iOSDevice32" Name="$(PROJECTNAME).app"/>
                <ProjectRoot Platform="Linux64" Name="$(PROJECTNAME)"/>
                <ProjectRoot Platform="Win32" Name="$(PROJECTNAME)"/>
                <ProjectRoot Platform="OSX32" Name="$(PROJECTNAME).app"/>
                <ProjectRoot Platform="Android" Name="$(PROJECTNAME)"/>
                <ProjectRoot Platform="OSX64" Name="$(PROJECTNAME).app"/>
                <ProjectRoot Platform="iOSSimulator" Name="$(PROJECTNAME).app"/>
            </Deployment>
            <Platforms>
                <Platform value="Win32">True</Platform>
                <Platform value="Win64">False</Platform>
            </Platforms>
            <ModelSupport>True</ModelSupport>
        </BorlandProject>
        <ProjectFileVersion>12</ProjectFileVersion>
    </ProjectExtensions>
    <Import Project="$(BDS)\Bin\CodeGear.Delphi.Targets" Condition="Exists('$(BDS)\Bin\CodeGear.Delphi.Targets')"/>
    <Import Project="$(APPDATA)\Embarcadero\$(BDSAPPDATABASEDIR)\$(PRODUCTVERSION)\UserTools.proj" Condition="Exists('$(APPDATA)\Embarcadero\$(BDSAPPDATABASEDIR)\$(PRODUCTVERSION)\UserTools.proj')"/>
    <Import Project="$(MSBuildProjectName).deployproj" Condition="Exists('$(MSBuildProjectName).deployproj')"/>
</Project>
